
Microsoft Visual Studio Solution File, Format Version 11.00
# Visual Studio 2010
# SharpDevelop 4.4
Project("{FAE04EC0-301F-11D3-BF4B-00C04F79EFBC}") = "Grade-Converter", "Grade-Converter\Grade-Converter.csproj", "{02A55CAE-B9D4-4F40-9912-E89368B2387F}"
EndProject
Project("{FAE04EC0-301F-11D3-BF4B-00C04F79EFBC}") = "GPAForm", "GPAForm\GPAForm.csproj", "{ECE61934-D2DB-488A-805E-39C4274608E1}"
EndProject
Project("{FAE04EC0-301F-11D3-BF4B-00C04F79EFBC}") = "GWAForm", "GWAForm\GWAForm.csproj", "{D80CA335-A03D-49E8-BDA3-609DB8DF27F0}"
EndProject
Global
	GlobalSection(SolutionConfigurationPlatforms) = preSolution
		Debug|Any CPU = Debug|Any CPU
		Release|Any CPU = Release|Any CPU
	EndGlobalSection
	GlobalSection(ProjectConfigurationPlatforms) = postSolution
		{02A55CAE-B9D4-4F40-9912-E89368B2387F}.Debug|Any CPU.Build.0 = Debug|Any CPU
		{02A55CAE-B9D4-4F40-9912-E89368B2387F}.Debug|Any CPU.ActiveCfg = Debug|Any CPU
		{02A55CAE-B9D4-4F40-9912-E89368B2387F}.Release|Any CPU.Build.0 = Release|Any CPU
		{02A55CAE-B9D4-4F40-9912-E89368B2387F}.Release|Any CPU.ActiveCfg = Release|Any CPU
		{ECE61934-D2DB-488A-805E-39C4274608E1}.Debug|Any CPU.Build.0 = Debug|Any CPU
		{ECE61934-D2DB-488A-805E-39C4274608E1}.Debug|Any CPU.ActiveCfg = Debug|Any CPU
		{ECE61934-D2DB-488A-805E-39C4274608E1}.Release|Any CPU.Build.0 = Release|Any CPU
		{ECE61934-D2DB-488A-805E-39C4274608E1}.Release|Any CPU.ActiveCfg = Release|Any CPU
		{D80CA335-A03D-49E8-BDA3-609DB8DF27F0}.Debug|Any CPU.Build.0 = Debug|Any CPU
		{D80CA335-A03D-49E8-BDA3-609DB8DF27F0}.Debug|Any CPU.ActiveCfg = Debug|Any CPU
		{D80CA335-A03D-49E8-BDA3-609DB8DF27F0}.Release|Any CPU.Build.0 = Release|Any CPU
		{D80CA335-A03D-49E8-BDA3-609DB8DF27F0}.Release|Any CPU.ActiveCfg = Release|Any CPU
	EndGlobalSection
EndGlobal
